
Microsoft Visual Studio Solution File, Format Version 12.00
# Visual Studio Version 17
VisualStudioVersion = 17.0.32014.148
MinimumVisualStudioVersion = 10.0.40219.1
Project("{9A19103F-16F7-4668-BE54-9A1E7A4F7556}") = "swap-faces", "swap-faces\swap-faces.csproj", "{09557947-67EE-43E5-A930-680AF204A26C}"
EndProject
Project("{9A19103F-16F7-4668-BE54-9A1E7A4F7556}") = "swap-faces-test", "swap-faces-test\swap-faces-test.csproj", "{26FFEBBD-8136-417E-8670-8AA941BEDA03}"
EndProject
Global
	GlobalSection(SolutionConfigurationPlatforms) = preSolution
		Debug|Any CPU = Debug|Any CPU
		Release|Any CPU = Release|Any CPU
	EndGlobalSection
	GlobalSection(ProjectConfigurationPlatforms) = postSolution
		{09557947-67EE-43E5-A930-680AF204A26C}.Debug|Any CPU.ActiveCfg = Debug|Any CPU
		{09557947-67EE-43E5-A930-680AF204A26C}.Debug|Any CPU.Build.0 = Debug|Any CPU
		{09557947-67EE-43E5-A930-680AF204A26C}.Release|Any CPU.ActiveCfg = Release|Any CPU
		{09557947-67EE-43E5-A930-680AF204A26C}.Release|Any CPU.Build.0 = Release|Any CPU
		{26FFEBBD-8136-417E-8670-8AA941BEDA03}.Debug|Any CPU.ActiveCfg = Debug|Any CPU
		{26FFEBBD-8136-417E-8670-8AA941BEDA03}.Debug|Any CPU.Build.0 = Debug|Any CPU
		{26FFEBBD-8136-417E-8670-8AA941BEDA03}.Release|Any CPU.ActiveCfg = Release|Any CPU
		{26FFEBBD-8136-417E-8670-8AA941BEDA03}.Release|Any CPU.Build.0 = Release|Any CPU
	EndGlobalSection
	GlobalSection(SolutionProperties) = preSolution
		HideSolutionNode = FALSE
	EndGlobalSection
	GlobalSection(ExtensibilityGlobals) = postSolution
		SolutionGuid = {ED78B16E-BDD7-4D1A-A51B-DEC84B9591F0}
	EndGlobalSection
EndGlobal
